
Microsoft Visual Studio Solution File, Format Version 12.00
# Visual Studio Version 17
VisualStudioVersion = 17.3.32929.385
MinimumVisualStudioVersion = 10.0.40219.1
Project("{FAE04EC0-301F-11D3-BF4B-00C04F79EFBC}") = "EmployeePayrollADO.NET", "EmployeePayrollADO.NET.csproj", "{666EFFBD-CE6E-4E42-9565-431904D3C77B}"
EndProject
Global
	GlobalSection(SolutionConfigurationPlatforms) = preSolution
		Debug|Any CPU = Debug|Any CPU
		Release|Any CPU = Release|Any CPU
	EndGlobalSection
	GlobalSection(ProjectConfigurationPlatforms) = postSolution
		{666EFFBD-CE6E-4E42-9565-431904D3C77B}.Debug|Any CPU.ActiveCfg = Debug|Any CPU
		{666EFFBD-CE6E-4E42-9565-431904D3C77B}.Debug|Any CPU.Build.0 = Debug|Any CPU
		{666EFFBD-CE6E-4E42-9565-431904D3C77B}.Release|Any CPU.ActiveCfg = Release|Any CPU
		{666EFFBD-CE6E-4E42-9565-431904D3C77B}.Release|Any CPU.Build.0 = Release|Any CPU
	EndGlobalSection
	GlobalSection(SolutionProperties) = preSolution
		HideSolutionNode = FALSE
	EndGlobalSection
	GlobalSection(ExtensibilityGlobals) = postSolution
		SolutionGuid = {509B0361-6103-4C71-8D5C-3C4D33AE8F9F}
	EndGlobalSection
EndGlobal
